
Microsoft Visual Studio Solution File, Format Version 12.00
# Visual Studio 15
VisualStudioVersion = 15.0.28307.489
MinimumVisualStudioVersion = 10.0.40219.1
Project("{FAE04EC0-301F-11D3-BF4B-00C04F79EFBC}") = "WebAPI", "WebAPI\WebAPI.csproj", "{74F756D6-8621-4638-BF77-00CC609EC982}"
EndProject
Global
	GlobalSection(SolutionConfigurationPlatforms) = preSolution
		Debug|Any CPU = Debug|Any CPU
		Release|Any CPU = Release|Any CPU
	EndGlobalSection
	GlobalSection(ProjectConfigurationPlatforms) = postSolution
		{74F756D6-8621-4638-BF77-00CC609EC982}.Debug|Any CPU.ActiveCfg = Debug|Any CPU
		{74F756D6-8621-4638-BF77-00CC609EC982}.Debug|Any CPU.Build.0 = Debug|Any CPU
		{74F756D6-8621-4638-BF77-00CC609EC982}.Release|Any CPU.ActiveCfg = Release|Any CPU
		{74F756D6-8621-4638-BF77-00CC609EC982}.Release|Any CPU.Build.0 = Release|Any CPU
	EndGlobalSection
	GlobalSection(SolutionProperties) = preSolution
		HideSolutionNode = FALSE
	EndGlobalSection
	GlobalSection(ExtensibilityGlobals) = postSolution
		SolutionGuid = {FF2A29E6-2337-4852-AF99-2717A36F2E4F}
	EndGlobalSection
EndGlobal
